<?xml version="1.0" encoding="utf-8"?>
<Project ToolsVersion="4.0" xmlns="http://schemas.microsoft.com/developer/msbuild/2003">
  <ItemGroup>
    <Filter Include="content">
      <UniqueIdentifier>{bbb2dcc2-4547-4324-b2c5-1c7820d3ff97}</UniqueIdentifier>
    </Filter>
  </ItemGroup>
  <ItemGroup>
    <None Include="content\functionlib.js">
      <Filter>content</Filter>
    </None>
    <None Include="content\history.js">
      <Filter>content</Filter>
    </None>
    <None Include="content\history.xul">
      <Filter>content</Filter>
    </None>
    <None Include="content\icon.png">
      <Filter>content</Filter>
    </None>
    <None Include="content\tpButton.css">
      <Filter>content</Filter>
    </None>
    <None Include="content\tpButton.png">
      <Filter>content</Filter>
    </None>
    <None Include="content\tpPrefDialog.js">
      <Filter>content</Filter>
    </None>
    <None Include="content\tpPrefDialog.xul">
      <Filter>content</Filter>
    </None>
    <None Include="content\trackpackage.js">
      <Filter>content</Filter>
    </None>
    <None Include="content\trackpackage.xul">
      <Filter>content</Filter>
    </None>
    <None Include="install.rdf" />
    <None Include="readme.txt" />
  </ItemGroup>
  <ItemGroup>
    <Manifest Include="chrome.manifest" />
  </ItemGroup>
</Project>